
Microsoft Visual Studio Solution File, Format Version 12.00
# Visual Studio Version 16
VisualStudioVersion = 16.0.30104.148
MinimumVisualStudioVersion = 10.0.40219.1
Project("{9A19103F-16F7-4668-BE54-9A1E7A4F7556}") = "Sundew.Quantities.UnitTests", "Sundew.Quantities.UnitTests\Sundew.Quantities.UnitTests.csproj", "{9BB38159-0F4B-4B17-8C5A-C6988336F4D7}"
EndProject
Project("{9A19103F-16F7-4668-BE54-9A1E7A4F7556}") = "Sundew.Quantities.AcceptanceTests", "Sundew.Quantities.AcceptanceTests\Sundew.Quantities.AcceptanceTests.csproj", "{3F9FB2F2-7046-42F4-9DC8-61F3DD9FF77A}"
EndProject
Project("{9A19103F-16F7-4668-BE54-9A1E7A4F7556}") = "Sundew.Quantities.Serialization.Poco", "Sundew.Quantities.Serialization.Poco\Sundew.Quantities.Serialization.Poco.csproj", "{0DE5D96D-3BE3-4C08-B9F4-E2769E7F144B}"
EndProject
Project("{9A19103F-16F7-4668-BE54-9A1E7A4F7556}") = "Sundew.Quantities.Serialization.Poco.AcceptanceTests", "Sundew.Quantities.Serialization.Poco.AcceptanceTests\Sundew.Quantities.Serialization.Poco.AcceptanceTests.csproj", "{D8D05840-A0B3-4FEE-A6ED-BE729B035B02}"
EndProject
Project("{FAE04EC0-301F-11D3-BF4B-00C04F79EFBC}") = "Sundew.Build.Hack", "Sundew.Build.Hack\Sundew.Build.Hack.csproj", "{D4BD868D-46C2-41F5-AD04-167C376B0E6B}"
EndProject
Project("{9A19103F-16F7-4668-BE54-9A1E7A4F7556}") = "Sundew.Quantities.Samples", "Sundew.Quantities.Samples\Sundew.Quantities.Samples.csproj", "{BAA1972E-8554-4A0C-8AA0-52C8756E3432}"
EndProject
Project("{9A19103F-16F7-4668-BE54-9A1E7A4F7556}") = "Sundew.Quantities.Formatters.MathML", "Sundew.Quantities.Formatters.MathML\Sundew.Quantities.Formatters.MathML.csproj", "{64BF4783-7159-48FC-958B-8736CFE19D0C}"
EndProject
Project("{9A19103F-16F7-4668-BE54-9A1E7A4F7556}") = "Sundew.Quantities.Formatters.MathML.UnitTests", "Sundew.Quantities.Formatters.MathML.UnitTests\Sundew.Quantities.Formatters.MathML.UnitTests.csproj", "{44BE59A9-F29F-4C15-AA37-53B33556CDE2}"
EndProject
Project("{9A19103F-16F7-4668-BE54-9A1E7A4F7556}") = "Sundew.Quantities.Generator", "Sundew.Quantities.Generator\Sundew.Quantities.Generator.csproj", "{99396DEB-89C4-4D6C-A396-E67F2988275B}"
EndProject
Project("{9A19103F-16F7-4668-BE54-9A1E7A4F7556}") = "Sundew.Quantities", "Sundew.Quantities\Sundew.Quantities.csproj", "{DC8B76EB-B3AB-4983-BB2D-017E06EE9DAA}"
	ProjectSection(ProjectDependencies) = postProject
		{99396DEB-89C4-4D6C-A396-E67F2988275B} = {99396DEB-89C4-4D6C-A396-E67F2988275B}
	EndProjectSection
EndProject
Global
	GlobalSection(SolutionConfigurationPlatforms) = preSolution
		Ad-Hoc|Any CPU = Ad-Hoc|Any CPU
		Ad-Hoc|ARM = Ad-Hoc|ARM
		Ad-Hoc|iPhone = Ad-Hoc|iPhone
		Ad-Hoc|iPhoneSimulator = Ad-Hoc|iPhoneSimulator
		Ad-Hoc|x64 = Ad-Hoc|x64
		Ad-Hoc|x86 = Ad-Hoc|x86
		AppStore|Any CPU = AppStore|Any CPU
		AppStore|ARM = AppStore|ARM
		AppStore|iPhone = AppStore|iPhone
		AppStore|iPhoneSimulator = AppStore|iPhoneSimulator
		AppStore|x64 = AppStore|x64
		AppStore|x86 = AppStore|x86
		Debug|Any CPU = Debug|Any CPU
		Debug|ARM = Debug|ARM
		Debug|iPhone = Debug|iPhone
		Debug|iPhoneSimulator = Debug|iPhoneSimulator
		Debug|x64 = Debug|x64
		Debug|x86 = Debug|x86
		Release|Any CPU = Release|Any CPU
		Release|ARM = Release|ARM
		Release|iPhone = Release|iPhone
		Release|iPhoneSimulator = Release|iPhoneSimulator
		Release|x64 = Release|x64
		Release|x86 = Release|x86
	EndGlobalSection
	GlobalSection(ProjectConfigurationPlatforms) = postSolution
		{9BB38159-0F4B-4B17-8C5A-C6988336F4D7}.Ad-Hoc|Any CPU.ActiveCfg = Release|Any CPU
		{9BB38159-0F4B-4B17-8C5A-C6988336F4D7}.Ad-Hoc|Any CPU.Build.0 = Release|Any CPU
		{9BB38159-0F4B-4B17-8C5A-C6988336F4D7}.Ad-Hoc|ARM.ActiveCfg = Release|Any CPU
		{9BB38159-0F4B-4B17-8C5A-C6988336F4D7}.Ad-Hoc|ARM.Build.0 = Release|Any CPU
		{9BB38159-0F4B-4B17-8C5A-C6988336F4D7}.Ad-Hoc|iPhone.ActiveCfg = Release|Any CPU
		{9BB38159-0F4B-4B17-8C5A-C6988336F4D7}.Ad-Hoc|iPhone.Build.0 = Release|Any CPU
		{9BB38159-0F4B-4B17-8C5A-C6988336F4D7}.Ad-Hoc|iPhoneSimulator.ActiveCfg = Release|Any CPU
		{9BB38159-0F4B-4B17-8C5A-C6988336F4D7}.Ad-Hoc|iPhoneSimulator.Build.0 = Release|Any CPU
		{9BB38159-0F4B-4B17-8C5A-C6988336F4D7}.Ad-Hoc|x64.ActiveCfg = Release|Any CPU
		{9BB38159-0F4B-4B17-8C5A-C6988336F4D7}.Ad-Hoc|x64.Build.0 = Release|Any CPU
		{9BB38159-0F4B-4B17-8C5A-C6988336F4D7}.Ad-Hoc|x86.ActiveCfg = Release|Any CPU
		{9BB38159-0F4B-4B17-8C5A-C6988336F4D7}.Ad-Hoc|x86.Build.0 = Release|Any CPU
		{9BB38159-0F4B-4B17-8C5A-C6988336F4D7}.AppStore|Any CPU.ActiveCfg = Release|Any CPU
		{9BB38159-0F4B-4B17-8C5A-C6988336F4D7}.AppStore|Any CPU.Build.0 = Release|Any CPU
		{9BB38159-0F4B-4B17-8C5A-C6988336F4D7}.AppStore|ARM.ActiveCfg = Release|Any CPU
		{9BB38159-0F4B-4B17-8C5A-C6988336F4D7}.AppStore|ARM.Build.0 = Release|Any CPU
		{9BB38159-0F4B-4B17-8C5A-C6988336F4D7}.AppStore|iPhone.ActiveCfg = Release|Any CPU
		{9BB38159-0F4B-4B17-8C5A-C6988336F4D7}.AppStore|iPhone.Build.0 = Release|Any CPU
		{9BB38159-0F4B-4B17-8C5A-C6988336F4D7}.AppStore|iPhoneSimulator.ActiveCfg = Release|Any CPU
		{9BB38159-0F4B-4B17-8C5A-C6988336F4D7}.AppStore|iPhoneSimulator.Build.0 = Release|Any CPU
		{9BB38159-0F4B-4B17-8C5A-C6988336F4D7}.AppStore|x64.ActiveCfg = Release|Any CPU
		{9BB38159-0F4B-4B17-8C5A-C6988336F4D7}.AppStore|x64.Build.0 = Release|Any CPU
		{9BB38159-0F4B-4B17-8C5A-C6988336F4D7}.AppStore|x86.ActiveCfg = Release|Any CPU
		{9BB38159-0F4B-4B17-8C5A-C6988336F4D7}.AppStore|x86.Build.0 = Release|Any CPU
		{9BB38159-0F4B-4B17-8C5A-C6988336F4D7}.Debug|Any CPU.ActiveCfg = Debug|Any CPU
		{9BB38159-0F4B-4B17-8C5A-C6988336F4D7}.Debug|Any CPU.Build.0 = Debug|Any CPU
		{9BB38159-0F4B-4B17-8C5A-C6988336F4D7}.Debug|ARM.ActiveCfg = Debug|Any CPU
		{9BB38159-0F4B-4B17-8C5A-C6988336F4D7}.Debug|ARM.Build.0 = Debug|Any CPU
		{9BB38159-0F4B-4B17-8C5A-C6988336F4D7}.Debug|iPhone.ActiveCfg = Debug|Any CPU
		{9BB38159-0F4B-4B17-8C5A-C6988336F4D7}.Debug|iPhone.Build.0 = Debug|Any CPU
		{9BB38159-0F4B-4B17-8C5A-C6988336F4D7}.Debug|iPhoneSimulator.ActiveCfg = Debug|Any CPU
		{9BB38159-0F4B-4B17-8C5A-C6988336F4D7}.Debug|iPhoneSimulator.Build.0 = Debug|Any CPU
		{9BB38159-0F4B-4B17-8C5A-C6988336F4D7}.Debug|x64.ActiveCfg = Debug|Any CPU
		{9BB38159-0F4B-4B17-8C5A-C6988336F4D7}.Debug|x64.Build.0 = Debug|Any CPU
		{9BB38159-0F4B-4B17-8C5A-C6988336F4D7}.Debug|x86.ActiveCfg = Debug|Any CPU
		{9BB38159-0F4B-4B17-8C5A-C6988336F4D7}.Debug|x86.Build.0 = Debug|Any CPU
		{9BB38159-0F4B-4B17-8C5A-C6988336F4D7}.Release|Any CPU.ActiveCfg = Release|Any CPU
		{9BB38159-0F4B-4B17-8C5A-C6988336F4D7}.Release|Any CPU.Build.0 = Release|Any CPU
		{9BB38159-0F4B-4B17-8C5A-C6988336F4D7}.Release|ARM.ActiveCfg = Release|Any CPU
		{9BB38159-0F4B-4B17-8C5A-C6988336F4D7}.Release|ARM.Build.0 = Release|Any CPU
		{9BB38159-0F4B-4B17-8C5A-C6988336F4D7}.Release|iPhone.ActiveCfg = Release|Any CPU
		{9BB38159-0F4B-4B17-8C5A-C6988336F4D7}.Release|iPhone.Build.0 = Release|Any CPU
		{9BB38159-0F4B-4B17-8C5A-C6988336F4D7}.Release|iPhoneSimulator.ActiveCfg = Release|Any CPU
		{9BB38159-0F4B-4B17-8C5A-C6988336F4D7}.Release|iPhoneSimulator.Build.0 = Release|Any CPU
		{9BB38159-0F4B-4B17-8C5A-C6988336F4D7}.Release|x64.ActiveCfg = Release|Any CPU
		{9BB38159-0F4B-4B17-8C5A-C6988336F4D7}.Release|x64.Build.0 = Release|Any CPU
		{9BB38159-0F4B-4B17-8C5A-C6988336F4D7}.Release|x86.ActiveCfg = Release|Any CPU
		{9BB38159-0F4B-4B17-8C5A-C6988336F4D7}.Release|x86.Build.0 = Release|Any CPU
		{3F9FB2F2-7046-42F4-9DC8-61F3DD9FF77A}.Ad-Hoc|Any CPU.ActiveCfg = Release|Any CPU
		{3F9FB2F2-7046-42F4-9DC8-61F3DD9FF77A}.Ad-Hoc|Any CPU.Build.0 = Release|Any CPU
		{3F9FB2F2-7046-42F4-9DC8-61F3DD9FF77A}.Ad-Hoc|ARM.ActiveCfg = Release|Any CPU
		{3F9FB2F2-7046-42F4-9DC8-61F3DD9FF77A}.Ad-Hoc|ARM.Build.0 = Release|Any CPU
		{3F9FB2F2-7046-42F4-9DC8-61F3DD9FF77A}.Ad-Hoc|iPhone.ActiveCfg = Release|Any CPU
		{3F9FB2F2-7046-42F4-9DC8-61F3DD9FF77A}.Ad-Hoc|iPhone.Build.0 = Release|Any CPU
		{3F9FB2F2-7046-42F4-9DC8-61F3DD9FF77A}.Ad-Hoc|iPhoneSimulator.ActiveCfg = Release|Any CPU
		{3F9FB2F2-7046-42F4-9DC8-61F3DD9FF77A}.Ad-Hoc|iPhoneSimulator.Build.0 = Release|Any CPU
		{3F9FB2F2-7046-42F4-9DC8-61F3DD9FF77A}.Ad-Hoc|x64.ActiveCfg = Release|Any CPU
		{3F9FB2F2-7046-42F4-9DC8-61F3DD9FF77A}.Ad-Hoc|x64.Build.0 = Release|Any CPU
		{3F9FB2F2-7046-42F4-9DC8-61F3DD9FF77A}.Ad-Hoc|x86.ActiveCfg = Release|Any CPU
		{3F9FB2F2-7046-42F4-9DC8-61F3DD9FF77A}.Ad-Hoc|x86.Build.0 = Release|Any CPU
		{3F9FB2F2-7046-42F4-9DC8-61F3DD9FF77A}.AppStore|Any CPU.ActiveCfg = Release|Any CPU
		{3F9FB2F2-7046-42F4-9DC8-61F3DD9FF77A}.AppStore|Any CPU.Build.0 = Release|Any CPU
		{3F9FB2F2-7046-42F4-9DC8-61F3DD9FF77A}.AppStore|ARM.ActiveCfg = Release|Any CPU
		{3F9FB2F2-7046-42F4-9DC8-61F3DD9FF77A}.AppStore|ARM.Build.0 = Release|Any CPU
		{3F9FB2F2-7046-42F4-9DC8-61F3DD9FF77A}.AppStore|iPhone.ActiveCfg = Release|Any CPU
		{3F9FB2F2-7046-42F4-9DC8-61F3DD9FF77A}.AppStore|iPhone.Build.0 = Release|Any CPU
		{3F9FB2F2-7046-42F4-9DC8-61F3DD9FF77A}.AppStore|iPhoneSimulator.ActiveCfg = Release|Any CPU
		{3F9FB2F2-7046-42F4-9DC8-61F3DD9FF77A}.AppStore|iPhoneSimulator.Build.0 = Release|Any CPU
		{3F9FB2F2-7046-42F4-9DC8-61F3DD9FF77A}.AppStore|x64.ActiveCfg = Release|Any CPU
		{3F9FB2F2-7046-42F4-9DC8-61F3DD9FF77A}.AppStore|x64.Build.0 = Release|Any CPU
		{3F9FB2F2-7046-42F4-9DC8-61F3DD9FF77A}.AppStore|x86.ActiveCfg = Release|Any CPU
		{3F9FB2F2-7046-42F4-9DC8-61F3DD9FF77A}.AppStore|x86.Build.0 = Release|Any CPU
		{3F9FB2F2-7046-42F4-9DC8-61F3DD9FF77A}.Debug|Any CPU.ActiveCfg = Debug|Any CPU
		{3F9FB2F2-7046-42F4-9DC8-61F3DD9FF77A}.Debug|Any CPU.Build.0 = Debug|Any CPU
		{3F9FB2F2-7046-42F4-9DC8-61F3DD9FF77A}.Debug|ARM.ActiveCfg = Debug|Any CPU
		{3F9FB2F2-7046-42F4-9DC8-61F3DD9FF77A}.Debug|ARM.Build.0 = Debug|Any CPU
		{3F9FB2F2-7046-42F4-9DC8-61F3DD9FF77A}.Debug|iPhone.ActiveCfg = Debug|Any CPU
		{3F9FB2F2-7046-42F4-9DC8-61F3DD9FF77A}.Debug|iPhone.Build.0 = Debug|Any CPU
		{3F9FB2F2-7046-42F4-9DC8-61F3DD9FF77A}.Debug|iPhoneSimulator.ActiveCfg = Debug|Any CPU
		{3F9FB2F2-7046-42F4-9DC8-61F3DD9FF77A}.Debug|iPhoneSimulator.Build.0 = Debug|Any CPU
		{3F9FB2F2-7046-42F4-9DC8-61F3DD9FF77A}.Debug|x64.ActiveCfg = Debug|Any CPU
		{3F9FB2F2-7046-42F4-9DC8-61F3DD9FF77A}.Debug|x64.Build.0 = Debug|Any CPU
		{3F9FB2F2-7046-42F4-9DC8-61F3DD9FF77A}.Debug|x86.ActiveCfg = Debug|Any CPU
		{3F9FB2F2-7046-42F4-9DC8-61F3DD9FF77A}.Debug|x86.Build.0 = Debug|Any CPU
		{3F9FB2F2-7046-42F4-9DC8-61F3DD9FF77A}.Release|Any CPU.ActiveCfg = Release|Any CPU
		{3F9FB2F2-7046-42F4-9DC8-61F3DD9FF77A}.Release|Any CPU.Build.0 = Release|Any CPU
		{3F9FB2F2-7046-42F4-9DC8-61F3DD9FF77A}.Release|ARM.ActiveCfg = Release|Any CPU
		{3F9FB2F2-7046-42F4-9DC8-61F3DD9FF77A}.Release|ARM.Build.0 = Release|Any CPU
		{3F9FB2F2-7046-42F4-9DC8-61F3DD9FF77A}.Release|iPhone.ActiveCfg = Release|Any CPU
		{3F9FB2F2-7046-42F4-9DC8-61F3DD9FF77A}.Release|iPhone.Build.0 = Release|Any CPU
		{3F9FB2F2-7046-42F4-9DC8-61F3DD9FF77A}.Release|iPhoneSimulator.ActiveCfg = Release|Any CPU
		{3F9FB2F2-7046-42F4-9DC8-61F3DD9FF77A}.Release|iPhoneSimulator.Build.0 = Release|Any CPU
		{3F9FB2F2-7046-42F4-9DC8-61F3DD9FF77A}.Release|x64.ActiveCfg = Release|Any CPU
		{3F9FB2F2-7046-42F4-9DC8-61F3DD9FF77A}.Release|x64.Build.0 = Release|Any CPU
		{3F9FB2F2-7046-42F4-9DC8-61F3DD9FF77A}.Release|x86.ActiveCfg = Release|Any CPU
		{3F9FB2F2-7046-42F4-9DC8-61F3DD9FF77A}.Release|x86.Build.0 = Release|Any CPU
		{0DE5D96D-3BE3-4C08-B9F4-E2769E7F144B}.Ad-Hoc|Any CPU.ActiveCfg = Release|Any CPU
		{0DE5D96D-3BE3-4C08-B9F4-E2769E7F144B}.Ad-Hoc|Any CPU.Build.0 = Release|Any CPU
		{0DE5D96D-3BE3-4C08-B9F4-E2769E7F144B}.Ad-Hoc|ARM.ActiveCfg = Release|Any CPU
		{0DE5D96D-3BE3-4C08-B9F4-E2769E7F144B}.Ad-Hoc|ARM.Build.0 = Release|Any CPU
		{0DE5D96D-3BE3-4C08-B9F4-E2769E7F144B}.Ad-Hoc|iPhone.ActiveCfg = Release|Any CPU
		{0DE5D96D-3BE3-4C08-B9F4-E2769E7F144B}.Ad-Hoc|iPhone.Build.0 = Release|Any CPU
		{0DE5D96D-3BE3-4C08-B9F4-E2769E7F144B}.Ad-Hoc|iPhoneSimulator.ActiveCfg = Release|Any CPU
		{0DE5D96D-3BE3-4C08-B9F4-E2769E7F144B}.Ad-Hoc|iPhoneSimulator.Build.0 = Release|Any CPU
		{0DE5D96D-3BE3-4C08-B9F4-E2769E7F144B}.Ad-Hoc|x64.ActiveCfg = Release|Any CPU
		{0DE5D96D-3BE3-4C08-B9F4-E2769E7F144B}.Ad-Hoc|x64.Build.0 = Release|Any CPU
		{0DE5D96D-3BE3-4C08-B9F4-E2769E7F144B}.Ad-Hoc|x86.ActiveCfg = Release|Any CPU
		{0DE5D96D-3BE3-4C08-B9F4-E2769E7F144B}.Ad-Hoc|x86.Build.0 = Release|Any CPU
		{0DE5D96D-3BE3-4C08-B9F4-E2769E7F144B}.AppStore|Any CPU.ActiveCfg = Release|Any CPU
		{0DE5D96D-3BE3-4C08-B9F4-E2769E7F144B}.AppStore|Any CPU.Build.0 = Release|Any CPU
		{0DE5D96D-3BE3-4C08-B9F4-E2769E7F144B}.AppStore|ARM.ActiveCfg = Release|Any CPU
		{0DE5D96D-3BE3-4C08-B9F4-E2769E7F144B}.AppStore|ARM.Build.0 = Release|Any CPU
		{0DE5D96D-3BE3-4C08-B9F4-E2769E7F144B}.AppStore|iPhone.ActiveCfg = Release|Any CPU
		{0DE5D96D-3BE3-4C08-B9F4-E2769E7F144B}.AppStore|iPhone.Build.0 = Release|Any CPU
		{0DE5D96D-3BE3-4C08-B9F4-E2769E7F144B}.AppStore|iPhoneSimulator.ActiveCfg = Release|Any CPU
		{0DE5D96D-3BE3-4C08-B9F4-E2769E7F144B}.AppStore|iPhoneSimulator.Build.0 = Release|Any CPU
		{0DE5D96D-3BE3-4C08-B9F4-E2769E7F144B}.AppStore|x64.ActiveCfg = Release|Any CPU
		{0DE5D96D-3BE3-4C08-B9F4-E2769E7F144B}.AppStore|x64.Build.0 = Release|Any CPU
		{0DE5D96D-3BE3-4C08-B9F4-E2769E7F144B}.AppStore|x86.ActiveCfg = Release|Any CPU
		{0DE5D96D-3BE3-4C08-B9F4-E2769E7F144B}.AppStore|x86.Build.0 = Release|Any CPU
		{0DE5D96D-3BE3-4C08-B9F4-E2769E7F144B}.Debug|Any CPU.ActiveCfg = Debug|Any CPU
		{0DE5D96D-3BE3-4C08-B9F4-E2769E7F144B}.Debug|Any CPU.Build.0 = Debug|Any CPU
		{0DE5D96D-3BE3-4C08-B9F4-E2769E7F144B}.Debug|ARM.ActiveCfg = Debug|Any CPU
		{0DE5D96D-3BE3-4C08-B9F4-E2769E7F144B}.Debug|ARM.Build.0 = Debug|Any CPU
		{0DE5D96D-3BE3-4C08-B9F4-E2769E7F144B}.Debug|iPhone.ActiveCfg = Debug|Any CPU
		{0DE5D96D-3BE3-4C08-B9F4-E2769E7F144B}.Debug|iPhone.Build.0 = Debug|Any CPU
		{0DE5D96D-3BE3-4C08-B9F4-E2769E7F144B}.Debug|iPhoneSimulator.ActiveCfg = Debug|Any CPU
		{0DE5D96D-3BE3-4C08-B9F4-E2769E7F144B}.Debug|iPhoneSimulator.Build.0 = Debug|Any CPU
		{0DE5D96D-3BE3-4C08-B9F4-E2769E7F144B}.Debug|x64.ActiveCfg = Debug|Any CPU
		{0DE5D96D-3BE3-4C08-B9F4-E2769E7F144B}.Debug|x64.Build.0 = Debug|Any CPU
		{0DE5D96D-3BE3-4C08-B9F4-E2769E7F144B}.Debug|x86.ActiveCfg = Debug|Any CPU
		{0DE5D96D-3BE3-4C08-B9F4-E2769E7F144B}.Debug|x86.Build.0 = Debug|Any CPU
		{0DE5D96D-3BE3-4C08-B9F4-E2769E7F144B}.Release|Any CPU.ActiveCfg = Release|Any CPU
		{0DE5D96D-3BE3-4C08-B9F4-E2769E7F144B}.Release|Any CPU.Build.0 = Release|Any CPU
		{0DE5D96D-3BE3-4C08-B9F4-E2769E7F144B}.Release|ARM.ActiveCfg = Release|Any CPU
		{0DE5D96D-3BE3-4C08-B9F4-E2769E7F144B}.Release|ARM.Build.0 = Release|Any CPU
		{0DE5D96D-3BE3-4C08-B9F4-E2769E7F144B}.Release|iPhone.ActiveCfg = Release|Any CPU
		{0DE5D96D-3BE3-4C08-B9F4-E2769E7F144B}.Release|iPhone.Build.0 = Release|Any CPU
		{0DE5D96D-3BE3-4C08-B9F4-E2769E7F144B}.Release|iPhoneSimulator.ActiveCfg = Release|Any CPU
		{0DE5D96D-3BE3-4C08-B9F4-E2769E7F144B}.Release|iPhoneSimulator.Build.0 = Release|Any CPU
		{0DE5D96D-3BE3-4C08-B9F4-E2769E7F144B}.Release|x64.ActiveCfg = Release|Any CPU
		{0DE5D96D-3BE3-4C08-B9F4-E2769E7F144B}.Release|x64.Build.0 = Release|Any CPU
		{0DE5D96D-3BE3-4C08-B9F4-E2769E7F144B}.Release|x86.ActiveCfg = Release|Any CPU
		{0DE5D96D-3BE3-4C08-B9F4-E2769E7F144B}.Release|x86.Build.0 = Release|Any CPU
		{D8D05840-A0B3-4FEE-A6ED-BE729B035B02}.Ad-Hoc|Any CPU.ActiveCfg = Release|Any CPU
		{D8D05840-A0B3-4FEE-A6ED-BE729B035B02}.Ad-Hoc|Any CPU.Build.0 = Release|Any CPU
		{D8D05840-A0B3-4FEE-A6ED-BE729B035B02}.Ad-Hoc|ARM.ActiveCfg = Release|Any CPU
		{D8D05840-A0B3-4FEE-A6ED-BE729B035B02}.Ad-Hoc|ARM.Build.0 = Release|Any CPU
		{D8D05840-A0B3-4FEE-A6ED-BE729B035B02}.Ad-Hoc|iPhone.ActiveCfg = Release|Any CPU
		{D8D05840-A0B3-4FEE-A6ED-BE729B035B02}.Ad-Hoc|iPhone.Build.0 = Release|Any CPU
		{D8D05840-A0B3-4FEE-A6ED-BE729B035B02}.Ad-Hoc|iPhoneSimulator.ActiveCfg = Release|Any CPU
		{D8D05840-A0B3-4FEE-A6ED-BE729B035B02}.Ad-Hoc|iPhoneSimulator.Build.0 = Release|Any CPU
		{D8D05840-A0B3-4FEE-A6ED-BE729B035B02}.Ad-Hoc|x64.ActiveCfg = Release|Any CPU
		{D8D05840-A0B3-4FEE-A6ED-BE729B035B02}.Ad-Hoc|x64.Build.0 = Release|Any CPU
		{D8D05840-A0B3-4FEE-A6ED-BE729B035B02}.Ad-Hoc|x86.ActiveCfg = Release|Any CPU
		{D8D05840-A0B3-4FEE-A6ED-BE729B035B02}.Ad-Hoc|x86.Build.0 = Release|Any CPU
		{D8D05840-A0B3-4FEE-A6ED-BE729B035B02}.AppStore|Any CPU.ActiveCfg = Release|Any CPU
		{D8D05840-A0B3-4FEE-A6ED-BE729B035B02}.AppStore|Any CPU.Build.0 = Release|Any CPU
		{D8D05840-A0B3-4FEE-A6ED-BE729B035B02}.AppStore|ARM.ActiveCfg = Release|Any CPU
		{D8D05840-A0B3-4FEE-A6ED-BE729B035B02}.AppStore|ARM.Build.0 = Release|Any CPU
		{D8D05840-A0B3-4FEE-A6ED-BE729B035B02}.AppStore|iPhone.ActiveCfg = Release|Any CPU
		{D8D05840-A0B3-4FEE-A6ED-BE729B035B02}.AppStore|iPhone.Build.0 = Release|Any CPU
		{D8D05840-A0B3-4FEE-A6ED-BE729B035B02}.AppStore|iPhoneSimulator.ActiveCfg = Release|Any CPU
		{D8D05840-A0B3-4FEE-A6ED-BE729B035B02}.AppStore|iPhoneSimulator.Build.0 = Release|Any CPU
		{D8D05840-A0B3-4FEE-A6ED-BE729B035B02}.AppStore|x64.ActiveCfg = Release|Any CPU
		{D8D05840-A0B3-4FEE-A6ED-BE729B035B02}.AppStore|x64.Build.0 = Release|Any CPU
		{D8D05840-A0B3-4FEE-A6ED-BE729B035B02}.AppStore|x86.ActiveCfg = Release|Any CPU
		{D8D05840-A0B3-4FEE-A6ED-BE729B035B02}.AppStore|x86.Build.0 = Release|Any CPU
		{D8D05840-A0B3-4FEE-A6ED-BE729B035B02}.Debug|Any CPU.ActiveCfg = Debug|Any CPU
		{D8D05840-A0B3-4FEE-A6ED-BE729B035B02}.Debug|Any CPU.Build.0 = Debug|Any CPU
		{D8D05840-A0B3-4FEE-A6ED-BE729B035B02}.Debug|ARM.ActiveCfg = Debug|Any CPU
		{D8D05840-A0B3-4FEE-A6ED-BE729B035B02}.Debug|ARM.Build.0 = Debug|Any CPU
		{D8D05840-A0B3-4FEE-A6ED-BE729B035B02}.Debug|iPhone.ActiveCfg = Debug|Any CPU
		{D8D05840-A0B3-4FEE-A6ED-BE729B035B02}.Debug|iPhone.Build.0 = Debug|Any CPU
		{D8D05840-A0B3-4FEE-A6ED-BE729B035B02}.Debug|iPhoneSimulator.ActiveCfg = Debug|Any CPU
		{D8D05840-A0B3-4FEE-A6ED-BE729B035B02}.Debug|iPhoneSimulator.Build.0 = Debug|Any CPU
		{D8D05840-A0B3-4FEE-A6ED-BE729B035B02}.Debug|x64.ActiveCfg = Debug|Any CPU
		{D8D05840-A0B3-4FEE-A6ED-BE729B035B02}.Debug|x64.Build.0 = Debug|Any CPU
		{D8D05840-A0B3-4FEE-A6ED-BE729B035B02}.Debug|x86.ActiveCfg = Debug|Any CPU
		{D8D05840-A0B3-4FEE-A6ED-BE729B035B02}.Debug|x86.Build.0 = Debug|Any CPU
		{D8D05840-A0B3-4FEE-A6ED-BE729B035B02}.Release|Any CPU.ActiveCfg = Release|Any CPU
		{D8D05840-A0B3-4FEE-A6ED-BE729B035B02}.Release|Any CPU.Build.0 = Release|Any CPU
		{D8D05840-A0B3-4FEE-A6ED-BE729B035B02}.Release|ARM.ActiveCfg = Release|Any CPU
		{D8D05840-A0B3-4FEE-A6ED-BE729B035B02}.Release|ARM.Build.0 = Release|Any CPU
		{D8D05840-A0B3-4FEE-A6ED-BE729B035B02}.Release|iPhone.ActiveCfg = Release|Any CPU
		{D8D05840-A0B3-4FEE-A6ED-BE729B035B02}.Release|iPhone.Build.0 = Release|Any CPU
		{D8D05840-A0B3-4FEE-A6ED-BE729B035B02}.Release|iPhoneSimulator.ActiveCfg = Release|Any CPU
		{D8D05840-A0B3-4FEE-A6ED-BE729B035B02}.Release|iPhoneSimulator.Build.0 = Release|Any CPU
		{D8D05840-A0B3-4FEE-A6ED-BE729B035B02}.Release|x64.ActiveCfg = Release|Any CPU
		{D8D05840-A0B3-4FEE-A6ED-BE729B035B02}.Release|x64.Build.0 = Release|Any CPU
		{D8D05840-A0B3-4FEE-A6ED-BE729B035B02}.Release|x86.ActiveCfg = Release|Any CPU
		{D8D05840-A0B3-4FEE-A6ED-BE729B035B02}.Release|x86.Build.0 = Release|Any CPU
		{D4BD868D-46C2-41F5-AD04-167C376B0E6B}.Ad-Hoc|Any CPU.ActiveCfg = Release|Any CPU
		{D4BD868D-46C2-41F5-AD04-167C376B0E6B}.Ad-Hoc|Any CPU.Build.0 = Release|Any CPU
		{D4BD868D-46C2-41F5-AD04-167C376B0E6B}.Ad-Hoc|ARM.ActiveCfg = Release|Any CPU
		{D4BD868D-46C2-41F5-AD04-167C376B0E6B}.Ad-Hoc|ARM.Build.0 = Release|Any CPU
		{D4BD868D-46C2-41F5-AD04-167C376B0E6B}.Ad-Hoc|iPhone.ActiveCfg = Release|Any CPU
		{D4BD868D-46C2-41F5-AD04-167C376B0E6B}.Ad-Hoc|iPhone.Build.0 = Release|Any CPU
		{D4BD868D-46C2-41F5-AD04-167C376B0E6B}.Ad-Hoc|iPhoneSimulator.ActiveCfg = Release|Any CPU
		{D4BD868D-46C2-41F5-AD04-167C376B0E6B}.Ad-Hoc|iPhoneSimulator.Build.0 = Release|Any CPU
		{D4BD868D-46C2-41F5-AD04-167C376B0E6B}.Ad-Hoc|x64.ActiveCfg = Release|Any CPU
		{D4BD868D-46C2-41F5-AD04-167C376B0E6B}.Ad-Hoc|x64.Build.0 = Release|Any CPU
		{D4BD868D-46C2-41F5-AD04-167C376B0E6B}.Ad-Hoc|x86.ActiveCfg = Release|Any CPU
		{D4BD868D-46C2-41F5-AD04-167C376B0E6B}.Ad-Hoc|x86.Build.0 = Release|Any CPU
		{D4BD868D-46C2-41F5-AD04-167C376B0E6B}.AppStore|Any CPU.ActiveCfg = Release|Any CPU
		{D4BD868D-46C2-41F5-AD04-167C376B0E6B}.AppStore|Any CPU.Build.0 = Release|Any CPU
		{D4BD868D-46C2-41F5-AD04-167C376B0E6B}.AppStore|ARM.ActiveCfg = Release|Any CPU
		{D4BD868D-46C2-41F5-AD04-167C376B0E6B}.AppStore|ARM.Build.0 = Release|Any CPU
		{D4BD868D-46C2-41F5-AD04-167C376B0E6B}.AppStore|iPhone.ActiveCfg = Release|Any CPU
		{D4BD868D-46C2-41F5-AD04-167C376B0E6B}.AppStore|iPhone.Build.0 = Release|Any CPU
		{D4BD868D-46C2-41F5-AD04-167C376B0E6B}.AppStore|iPhoneSimulator.ActiveCfg = Release|Any CPU
		{D4BD868D-46C2-41F5-AD04-167C376B0E6B}.AppStore|iPhoneSimulator.Build.0 = Release|Any CPU
		{D4BD868D-46C2-41F5-AD04-167C376B0E6B}.AppStore|x64.ActiveCfg = Release|Any CPU
		{D4BD868D-46C2-41F5-AD04-167C376B0E6B}.AppStore|x64.Build.0 = Release|Any CPU
		{D4BD868D-46C2-41F5-AD04-167C376B0E6B}.AppStore|x86.ActiveCfg = Release|Any CPU
		{D4BD868D-46C2-41F5-AD04-167C376B0E6B}.AppStore|x86.Build.0 = Release|Any CPU
		{D4BD868D-46C2-41F5-AD04-167C376B0E6B}.Debug|Any CPU.ActiveCfg = Debug|Any CPU
		{D4BD868D-46C2-41F5-AD04-167C376B0E6B}.Debug|Any CPU.Build.0 = Debug|Any CPU
		{D4BD868D-46C2-41F5-AD04-167C376B0E6B}.Debug|ARM.ActiveCfg = Debug|Any CPU
		{D4BD868D-46C2-41F5-AD04-167C376B0E6B}.Debug|ARM.Build.0 = Debug|Any CPU
		{D4BD868D-46C2-41F5-AD04-167C376B0E6B}.Debug|iPhone.ActiveCfg = Debug|Any CPU
		{D4BD868D-46C2-41F5-AD04-167C376B0E6B}.Debug|iPhone.Build.0 = Debug|Any CPU
		{D4BD868D-46C2-41F5-AD04-167C376B0E6B}.Debug|iPhoneSimulator.ActiveCfg = Debug|Any CPU
		{D4BD868D-46C2-41F5-AD04-167C376B0E6B}.Debug|iPhoneSimulator.Build.0 = Debug|Any CPU
		{D4BD868D-46C2-41F5-AD04-167C376B0E6B}.Debug|x64.ActiveCfg = Debug|Any CPU
		{D4BD868D-46C2-41F5-AD04-167C376B0E6B}.Debug|x64.Build.0 = Debug|Any CPU
		{D4BD868D-46C2-41F5-AD04-167C376B0E6B}.Debug|x86.ActiveCfg = Debug|Any CPU
		{D4BD868D-46C2-41F5-AD04-167C376B0E6B}.Debug|x86.Build.0 = Debug|Any CPU
		{D4BD868D-46C2-41F5-AD04-167C376B0E6B}.Release|Any CPU.ActiveCfg = Release|Any CPU
		{D4BD868D-46C2-41F5-AD04-167C376B0E6B}.Release|Any CPU.Build.0 = Release|Any CPU
		{D4BD868D-46C2-41F5-AD04-167C376B0E6B}.Release|ARM.ActiveCfg = Release|Any CPU
		{D4BD868D-46C2-41F5-AD04-167C376B0E6B}.Release|ARM.Build.0 = Release|Any CPU
		{D4BD868D-46C2-41F5-AD04-167C376B0E6B}.Release|iPhone.ActiveCfg = Release|Any CPU
		{D4BD868D-46C2-41F5-AD04-167C376B0E6B}.Release|iPhone.Build.0 = Release|Any CPU
		{D4BD868D-46C2-41F5-AD04-167C376B0E6B}.Release|iPhoneSimulator.ActiveCfg = Release|Any CPU
		{D4BD868D-46C2-41F5-AD04-167C376B0E6B}.Release|iPhoneSimulator.Build.0 = Release|Any CPU
		{D4BD868D-46C2-41F5-AD04-167C376B0E6B}.Release|x64.ActiveCfg = Release|Any CPU
		{D4BD868D-46C2-41F5-AD04-167C376B0E6B}.Release|x64.Build.0 = Release|Any CPU
		{D4BD868D-46C2-41F5-AD04-167C376B0E6B}.Release|x86.ActiveCfg = Release|Any CPU
		{D4BD868D-46C2-41F5-AD04-167C376B0E6B}.Release|x86.Build.0 = Release|Any CPU
		{BAA1972E-8554-4A0C-8AA0-52C8756E3432}.Ad-Hoc|Any CPU.ActiveCfg = Release|Any CPU
		{BAA1972E-8554-4A0C-8AA0-52C8756E3432}.Ad-Hoc|Any CPU.Build.0 = Release|Any CPU
		{BAA1972E-8554-4A0C-8AA0-52C8756E3432}.Ad-Hoc|ARM.ActiveCfg = Release|Any CPU
		{BAA1972E-8554-4A0C-8AA0-52C8756E3432}.Ad-Hoc|ARM.Build.0 = Release|Any CPU
		{BAA1972E-8554-4A0C-8AA0-52C8756E3432}.Ad-Hoc|iPhone.ActiveCfg = Release|Any CPU
		{BAA1972E-8554-4A0C-8AA0-52C8756E3432}.Ad-Hoc|iPhone.Build.0 = Release|Any CPU
		{BAA1972E-8554-4A0C-8AA0-52C8756E3432}.Ad-Hoc|iPhoneSimulator.ActiveCfg = Release|Any CPU
		{BAA1972E-8554-4A0C-8AA0-52C8756E3432}.Ad-Hoc|iPhoneSimulator.Build.0 = Release|Any CPU
		{BAA1972E-8554-4A0C-8AA0-52C8756E3432}.Ad-Hoc|x64.ActiveCfg = Release|Any CPU
		{BAA1972E-8554-4A0C-8AA0-52C8756E3432}.Ad-Hoc|x64.Build.0 = Release|Any CPU
		{BAA1972E-8554-4A0C-8AA0-52C8756E3432}.Ad-Hoc|x86.ActiveCfg = Release|Any CPU
		{BAA1972E-8554-4A0C-8AA0-52C8756E3432}.Ad-Hoc|x86.Build.0 = Release|Any CPU
		{BAA1972E-8554-4A0C-8AA0-52C8756E3432}.AppStore|Any CPU.ActiveCfg = Release|Any CPU
		{BAA1972E-8554-4A0C-8AA0-52C8756E3432}.AppStore|Any CPU.Build.0 = Release|Any CPU
		{BAA1972E-8554-4A0C-8AA0-52C8756E3432}.AppStore|ARM.ActiveCfg = Release|Any CPU
		{BAA1972E-8554-4A0C-8AA0-52C8756E3432}.AppStore|ARM.Build.0 = Release|Any CPU
		{BAA1972E-8554-4A0C-8AA0-52C8756E3432}.AppStore|iPhone.ActiveCfg = Release|Any CPU
		{BAA1972E-8554-4A0C-8AA0-52C8756E3432}.AppStore|iPhone.Build.0 = Release|Any CPU
		{BAA1972E-8554-4A0C-8AA0-52C8756E3432}.AppStore|iPhoneSimulator.ActiveCfg = Release|Any CPU
		{BAA1972E-8554-4A0C-8AA0-52C8756E3432}.AppStore|iPhoneSimulator.Build.0 = Release|Any CPU
		{BAA1972E-8554-4A0C-8AA0-52C8756E3432}.AppStore|x64.ActiveCfg = Release|Any CPU
		{BAA1972E-8554-4A0C-8AA0-52C8756E3432}.AppStore|x64.Build.0 = Release|Any CPU
		{BAA1972E-8554-4A0C-8AA0-52C8756E3432}.AppStore|x86.ActiveCfg = Release|Any CPU
		{BAA1972E-8554-4A0C-8AA0-52C8756E3432}.AppStore|x86.Build.0 = Release|Any CPU
		{BAA1972E-8554-4A0C-8AA0-52C8756E3432}.Debug|Any CPU.ActiveCfg = Debug|Any CPU
		{BAA1972E-8554-4A0C-8AA0-52C8756E3432}.Debug|Any CPU.Build.0 = Debug|Any CPU
		{BAA1972E-8554-4A0C-8AA0-52C8756E3432}.Debug|ARM.ActiveCfg = Debug|Any CPU
		{BAA1972E-8554-4A0C-8AA0-52C8756E3432}.Debug|ARM.Build.0 = Debug|Any CPU
		{BAA1972E-8554-4A0C-8AA0-52C8756E3432}.Debug|iPhone.ActiveCfg = Debug|Any CPU
		{BAA1972E-8554-4A0C-8AA0-52C8756E3432}.Debug|iPhone.Build.0 = Debug|Any CPU
		{BAA1972E-8554-4A0C-8AA0-52C8756E3432}.Debug|iPhoneSimulator.ActiveCfg = Debug|Any CPU
		{BAA1972E-8554-4A0C-8AA0-52C8756E3432}.Debug|iPhoneSimulator.Build.0 = Debug|Any CPU
		{BAA1972E-8554-4A0C-8AA0-52C8756E3432}.Debug|x64.ActiveCfg = Debug|Any CPU
		{BAA1972E-8554-4A0C-8AA0-52C8756E3432}.Debug|x64.Build.0 = Debug|Any CPU
		{BAA1972E-8554-4A0C-8AA0-52C8756E3432}.Debug|x86.ActiveCfg = Debug|Any CPU
		{BAA1972E-8554-4A0C-8AA0-52C8756E3432}.Debug|x86.Build.0 = Debug|Any CPU
		{BAA1972E-8554-4A0C-8AA0-52C8756E3432}.Release|Any CPU.ActiveCfg = Release|Any CPU
		{BAA1972E-8554-4A0C-8AA0-52C8756E3432}.Release|Any CPU.Build.0 = Release|Any CPU
		{BAA1972E-8554-4A0C-8AA0-52C8756E3432}.Release|ARM.ActiveCfg = Release|Any CPU
		{BAA1972E-8554-4A0C-8AA0-52C8756E3432}.Release|ARM.Build.0 = Release|Any CPU
		{BAA1972E-8554-4A0C-8AA0-52C8756E3432}.Release|iPhone.ActiveCfg = Release|Any CPU
		{BAA1972E-8554-4A0C-8AA0-52C8756E3432}.Release|iPhone.Build.0 = Release|Any CPU
		{BAA1972E-8554-4A0C-8AA0-52C8756E3432}.Release|iPhoneSimulator.ActiveCfg = Release|Any CPU
		{BAA1972E-8554-4A0C-8AA0-52C8756E3432}.Release|iPhoneSimulator.Build.0 = Release|Any CPU
		{BAA1972E-8554-4A0C-8AA0-52C8756E3432}.Release|x64.ActiveCfg = Release|Any CPU
		{BAA1972E-8554-4A0C-8AA0-52C8756E3432}.Release|x64.Build.0 = Release|Any CPU
		{BAA1972E-8554-4A0C-8AA0-52C8756E3432}.Release|x86.ActiveCfg = Release|Any CPU
		{BAA1972E-8554-4A0C-8AA0-52C8756E3432}.Release|x86.Build.0 = Release|Any CPU
		{64BF4783-7159-48FC-958B-8736CFE19D0C}.Ad-Hoc|Any CPU.ActiveCfg = Release|Any CPU
		{64BF4783-7159-48FC-958B-8736CFE19D0C}.Ad-Hoc|Any CPU.Build.0 = Release|Any CPU
		{64BF4783-7159-48FC-958B-8736CFE19D0C}.Ad-Hoc|ARM.ActiveCfg = Release|Any CPU
		{64BF4783-7159-48FC-958B-8736CFE19D0C}.Ad-Hoc|ARM.Build.0 = Release|Any CPU
		{64BF4783-7159-48FC-958B-8736CFE19D0C}.Ad-Hoc|iPhone.ActiveCfg = Release|Any CPU
		{64BF4783-7159-48FC-958B-8736CFE19D0C}.Ad-Hoc|iPhone.Build.0 = Release|Any CPU
		{64BF4783-7159-48FC-958B-8736CFE19D0C}.Ad-Hoc|iPhoneSimulator.ActiveCfg = Release|Any CPU
		{64BF4783-7159-48FC-958B-8736CFE19D0C}.Ad-Hoc|iPhoneSimulator.Build.0 = Release|Any CPU
		{64BF4783-7159-48FC-958B-8736CFE19D0C}.Ad-Hoc|x64.ActiveCfg = Release|Any CPU
		{64BF4783-7159-48FC-958B-8736CFE19D0C}.Ad-Hoc|x64.Build.0 = Release|Any CPU
		{64BF4783-7159-48FC-958B-8736CFE19D0C}.Ad-Hoc|x86.ActiveCfg = Release|Any CPU
		{64BF4783-7159-48FC-958B-8736CFE19D0C}.Ad-Hoc|x86.Build.0 = Release|Any CPU
		{64BF4783-7159-48FC-958B-8736CFE19D0C}.AppStore|Any CPU.ActiveCfg = Release|Any CPU
		{64BF4783-7159-48FC-958B-8736CFE19D0C}.AppStore|Any CPU.Build.0 = Release|Any CPU
		{64BF4783-7159-48FC-958B-8736CFE19D0C}.AppStore|ARM.ActiveCfg = Release|Any CPU
		{64BF4783-7159-48FC-958B-8736CFE19D0C}.AppStore|ARM.Build.0 = Release|Any CPU
		{64BF4783-7159-48FC-958B-8736CFE19D0C}.AppStore|iPhone.ActiveCfg = Release|Any CPU
		{64BF4783-7159-48FC-958B-8736CFE19D0C}.AppStore|iPhone.Build.0 = Release|Any CPU
		{64BF4783-7159-48FC-958B-8736CFE19D0C}.AppStore|iPhoneSimulator.ActiveCfg = Release|Any CPU
		{64BF4783-7159-48FC-958B-8736CFE19D0C}.AppStore|iPhoneSimulator.Build.0 = Release|Any CPU
		{64BF4783-7159-48FC-958B-8736CFE19D0C}.AppStore|x64.ActiveCfg = Release|Any CPU
		{64BF4783-7159-48FC-958B-8736CFE19D0C}.AppStore|x64.Build.0 = Release|Any CPU
		{64BF4783-7159-48FC-958B-8736CFE19D0C}.AppStore|x86.ActiveCfg = Release|Any CPU
		{64BF4783-7159-48FC-958B-8736CFE19D0C}.AppStore|x86.Build.0 = Release|Any CPU
		{64BF4783-7159-48FC-958B-8736CFE19D0C}.Debug|Any CPU.ActiveCfg = Debug|Any CPU
		{64BF4783-7159-48FC-958B-8736CFE19D0C}.Debug|Any CPU.Build.0 = Debug|Any CPU
		{64BF4783-7159-48FC-958B-8736CFE19D0C}.Debug|ARM.ActiveCfg = Debug|Any CPU
		{64BF4783-7159-48FC-958B-8736CFE19D0C}.Debug|ARM.Build.0 = Debug|Any CPU
		{64BF4783-7159-48FC-958B-8736CFE19D0C}.Debug|iPhone.ActiveCfg = Debug|Any CPU
		{64BF4783-7159-48FC-958B-8736CFE19D0C}.Debug|iPhone.Build.0 = Debug|Any CPU
		{64BF4783-7159-48FC-958B-8736CFE19D0C}.Debug|iPhoneSimulator.ActiveCfg = Debug|Any CPU
		{64BF4783-7159-48FC-958B-8736CFE19D0C}.Debug|iPhoneSimulator.Build.0 = Debug|Any CPU
		{64BF4783-7159-48FC-958B-8736CFE19D0C}.Debug|x64.ActiveCfg = Debug|Any CPU
		{64BF4783-7159-48FC-958B-8736CFE19D0C}.Debug|x64.Build.0 = Debug|Any CPU
		{64BF4783-7159-48FC-958B-8736CFE19D0C}.Debug|x86.ActiveCfg = Debug|Any CPU
		{64BF4783-7159-48FC-958B-8736CFE19D0C}.Debug|x86.Build.0 = Debug|Any CPU
		{64BF4783-7159-48FC-958B-8736CFE19D0C}.Release|Any CPU.ActiveCfg = Release|Any CPU
		{64BF4783-7159-48FC-958B-8736CFE19D0C}.Release|Any CPU.Build.0 = Release|Any CPU
		{64BF4783-7159-48FC-958B-8736CFE19D0C}.Release|ARM.ActiveCfg = Release|Any CPU
		{64BF4783-7159-48FC-958B-8736CFE19D0C}.Release|ARM.Build.0 = Release|Any CPU
		{64BF4783-7159-48FC-958B-8736CFE19D0C}.Release|iPhone.ActiveCfg = Release|Any CPU
		{64BF4783-7159-48FC-958B-8736CFE19D0C}.Release|iPhone.Build.0 = Release|Any CPU
		{64BF4783-7159-48FC-958B-8736CFE19D0C}.Release|iPhoneSimulator.ActiveCfg = Release|Any CPU
		{64BF4783-7159-48FC-958B-8736CFE19D0C}.Release|iPhoneSimulator.Build.0 = Release|Any CPU
		{64BF4783-7159-48FC-958B-8736CFE19D0C}.Release|x64.ActiveCfg = Release|Any CPU
		{64BF4783-7159-48FC-958B-8736CFE19D0C}.Release|x64.Build.0 = Release|Any CPU
		{64BF4783-7159-48FC-958B-8736CFE19D0C}.Release|x86.ActiveCfg = Release|Any CPU
		{64BF4783-7159-48FC-958B-8736CFE19D0C}.Release|x86.Build.0 = Release|Any CPU
		{44BE59A9-F29F-4C15-AA37-53B33556CDE2}.Ad-Hoc|Any CPU.ActiveCfg = Release|Any CPU
		{44BE59A9-F29F-4C15-AA37-53B33556CDE2}.Ad-Hoc|Any CPU.Build.0 = Release|Any CPU
		{44BE59A9-F29F-4C15-AA37-53B33556CDE2}.Ad-Hoc|ARM.ActiveCfg = Release|Any CPU
		{44BE59A9-F29F-4C15-AA37-53B33556CDE2}.Ad-Hoc|ARM.Build.0 = Release|Any CPU
		{44BE59A9-F29F-4C15-AA37-53B33556CDE2}.Ad-Hoc|iPhone.ActiveCfg = Release|Any CPU
		{44BE59A9-F29F-4C15-AA37-53B33556CDE2}.Ad-Hoc|iPhone.Build.0 = Release|Any CPU
		{44BE59A9-F29F-4C15-AA37-53B33556CDE2}.Ad-Hoc|iPhoneSimulator.ActiveCfg = Release|Any CPU
		{44BE59A9-F29F-4C15-AA37-53B33556CDE2}.Ad-Hoc|iPhoneSimulator.Build.0 = Release|Any CPU
		{44BE59A9-F29F-4C15-AA37-53B33556CDE2}.Ad-Hoc|x64.ActiveCfg = Release|Any CPU
		{44BE59A9-F29F-4C15-AA37-53B33556CDE2}.Ad-Hoc|x64.Build.0 = Release|Any CPU
		{44BE59A9-F29F-4C15-AA37-53B33556CDE2}.Ad-Hoc|x86.ActiveCfg = Release|Any CPU
		{44BE59A9-F29F-4C15-AA37-53B33556CDE2}.Ad-Hoc|x86.Build.0 = Release|Any CPU
		{44BE59A9-F29F-4C15-AA37-53B33556CDE2}.AppStore|Any CPU.ActiveCfg = Release|Any CPU
		{44BE59A9-F29F-4C15-AA37-53B33556CDE2}.AppStore|Any CPU.Build.0 = Release|Any CPU
		{44BE59A9-F29F-4C15-AA37-53B33556CDE2}.AppStore|ARM.ActiveCfg = Release|Any CPU
		{44BE59A9-F29F-4C15-AA37-53B33556CDE2}.AppStore|ARM.Build.0 = Release|Any CPU
		{44BE59A9-F29F-4C15-AA37-53B33556CDE2}.AppStore|iPhone.ActiveCfg = Release|Any CPU
		{44BE59A9-F29F-4C15-AA37-53B33556CDE2}.AppStore|iPhone.Build.0 = Release|Any CPU
		{44BE59A9-F29F-4C15-AA37-53B33556CDE2}.AppStore|iPhoneSimulator.ActiveCfg = Release|Any CPU
		{44BE59A9-F29F-4C15-AA37-53B33556CDE2}.AppStore|iPhoneSimulator.Build.0 = Release|Any CPU
		{44BE59A9-F29F-4C15-AA37-53B33556CDE2}.AppStore|x64.ActiveCfg = Release|Any CPU
		{44BE59A9-F29F-4C15-AA37-53B33556CDE2}.AppStore|x64.Build.0 = Release|Any CPU
		{44BE59A9-F29F-4C15-AA37-53B33556CDE2}.AppStore|x86.ActiveCfg = Release|Any CPU
		{44BE59A9-F29F-4C15-AA37-53B33556CDE2}.AppStore|x86.Build.0 = Release|Any CPU
		{44BE59A9-F29F-4C15-AA37-53B33556CDE2}.Debug|Any CPU.ActiveCfg = Debug|Any CPU
		{44BE59A9-F29F-4C15-AA37-53B33556CDE2}.Debug|Any CPU.Build.0 = Debug|Any CPU
		{44BE59A9-F29F-4C15-AA37-53B33556CDE2}.Debug|ARM.ActiveCfg = Debug|Any CPU
		{44BE59A9-F29F-4C15-AA37-53B33556CDE2}.Debug|ARM.Build.0 = Debug|Any CPU
		{44BE59A9-F29F-4C15-AA37-53B33556CDE2}.Debug|iPhone.ActiveCfg = Debug|Any CPU
		{44BE59A9-F29F-4C15-AA37-53B33556CDE2}.Debug|iPhone.Build.0 = Debug|Any CPU
		{44BE59A9-F29F-4C15-AA37-53B33556CDE2}.Debug|iPhoneSimulator.ActiveCfg = Debug|Any CPU
		{44BE59A9-F29F-4C15-AA37-53B33556CDE2}.Debug|iPhoneSimulator.Build.0 = Debug|Any CPU
		{44BE59A9-F29F-4C15-AA37-53B33556CDE2}.Debug|x64.ActiveCfg = Debug|Any CPU
		{44BE59A9-F29F-4C15-AA37-53B33556CDE2}.Debug|x64.Build.0 = Debug|Any CPU
		{44BE59A9-F29F-4C15-AA37-53B33556CDE2}.Debug|x86.ActiveCfg = Debug|Any CPU
		{44BE59A9-F29F-4C15-AA37-53B33556CDE2}.Debug|x86.Build.0 = Debug|Any CPU
		{44BE59A9-F29F-4C15-AA37-53B33556CDE2}.Release|Any CPU.ActiveCfg = Release|Any CPU
		{44BE59A9-F29F-4C15-AA37-53B33556CDE2}.Release|Any CPU.Build.0 = Release|Any CPU
		{44BE59A9-F29F-4C15-AA37-53B33556CDE2}.Release|ARM.ActiveCfg = Release|Any CPU
		{44BE59A9-F29F-4C15-AA37-53B33556CDE2}.Release|ARM.Build.0 = Release|Any CPU
		{44BE59A9-F29F-4C15-AA37-53B33556CDE2}.Release|iPhone.ActiveCfg = Release|Any CPU
		{44BE59A9-F29F-4C15-AA37-53B33556CDE2}.Release|iPhone.Build.0 = Release|Any CPU
		{44BE59A9-F29F-4C15-AA37-53B33556CDE2}.Release|iPhoneSimulator.ActiveCfg = Release|Any CPU
		{44BE59A9-F29F-4C15-AA37-53B33556CDE2}.Release|iPhoneSimulator.Build.0 = Release|Any CPU
		{44BE59A9-F29F-4C15-AA37-53B33556CDE2}.Release|x64.ActiveCfg = Release|Any CPU
		{44BE59A9-F29F-4C15-AA37-53B33556CDE2}.Release|x64.Build.0 = Release|Any CPU
		{44BE59A9-F29F-4C15-AA37-53B33556CDE2}.Release|x86.ActiveCfg = Release|Any CPU
		{44BE59A9-F29F-4C15-AA37-53B33556CDE2}.Release|x86.Build.0 = Release|Any CPU
		{99396DEB-89C4-4D6C-A396-E67F2988275B}.Ad-Hoc|Any CPU.ActiveCfg = Release|Any CPU
		{99396DEB-89C4-4D6C-A396-E67F2988275B}.Ad-Hoc|Any CPU.Build.0 = Release|Any CPU
		{99396DEB-89C4-4D6C-A396-E67F2988275B}.Ad-Hoc|ARM.ActiveCfg = Release|Any CPU
		{99396DEB-89C4-4D6C-A396-E67F2988275B}.Ad-Hoc|ARM.Build.0 = Release|Any CPU
		{99396DEB-89C4-4D6C-A396-E67F2988275B}.Ad-Hoc|iPhone.ActiveCfg = Release|Any CPU
		{99396DEB-89C4-4D6C-A396-E67F2988275B}.Ad-Hoc|iPhone.Build.0 = Release|Any CPU
		{99396DEB-89C4-4D6C-A396-E67F2988275B}.Ad-Hoc|iPhoneSimulator.ActiveCfg = Release|Any CPU
		{99396DEB-89C4-4D6C-A396-E67F2988275B}.Ad-Hoc|iPhoneSimulator.Build.0 = Release|Any CPU
		{99396DEB-89C4-4D6C-A396-E67F2988275B}.Ad-Hoc|x64.ActiveCfg = Release|Any CPU
		{99396DEB-89C4-4D6C-A396-E67F2988275B}.Ad-Hoc|x64.Build.0 = Release|Any CPU
		{99396DEB-89C4-4D6C-A396-E67F2988275B}.Ad-Hoc|x86.ActiveCfg = Release|Any CPU
		{99396DEB-89C4-4D6C-A396-E67F2988275B}.Ad-Hoc|x86.Build.0 = Release|Any CPU
		{99396DEB-89C4-4D6C-A396-E67F2988275B}.AppStore|Any CPU.ActiveCfg = Release|Any CPU
		{99396DEB-89C4-4D6C-A396-E67F2988275B}.AppStore|Any CPU.Build.0 = Release|Any CPU
		{99396DEB-89C4-4D6C-A396-E67F2988275B}.AppStore|ARM.ActiveCfg = Release|Any CPU
		{99396DEB-89C4-4D6C-A396-E67F2988275B}.AppStore|ARM.Build.0 = Release|Any CPU
		{99396DEB-89C4-4D6C-A396-E67F2988275B}.AppStore|iPhone.ActiveCfg = Release|Any CPU
		{99396DEB-89C4-4D6C-A396-E67F2988275B}.AppStore|iPhone.Build.0 = Release|Any CPU
		{99396DEB-89C4-4D6C-A396-E67F2988275B}.AppStore|iPhoneSimulator.ActiveCfg = Release|Any CPU
		{99396DEB-89C4-4D6C-A396-E67F2988275B}.AppStore|iPhoneSimulator.Build.0 = Release|Any CPU
		{99396DEB-89C4-4D6C-A396-E67F2988275B}.AppStore|x64.ActiveCfg = Release|Any CPU
		{99396DEB-89C4-4D6C-A396-E67F2988275B}.AppStore|x64.Build.0 = Release|Any CPU
		{99396DEB-89C4-4D6C-A396-E67F2988275B}.AppStore|x86.ActiveCfg = Release|Any CPU
		{99396DEB-89C4-4D6C-A396-E67F2988275B}.AppStore|x86.Build.0 = Release|Any CPU
		{99396DEB-89C4-4D6C-A396-E67F2988275B}.Debug|Any CPU.ActiveCfg = Debug|Any CPU
		{99396DEB-89C4-4D6C-A396-E67F2988275B}.Debug|Any CPU.Build.0 = Debug|Any CPU
		{99396DEB-89C4-4D6C-A396-E67F2988275B}.Debug|ARM.ActiveCfg = Debug|Any CPU
		{99396DEB-89C4-4D6C-A396-E67F2988275B}.Debug|ARM.Build.0 = Debug|Any CPU
		{99396DEB-89C4-4D6C-A396-E67F2988275B}.Debug|iPhone.ActiveCfg = Debug|Any CPU
		{99396DEB-89C4-4D6C-A396-E67F2988275B}.Debug|iPhone.Build.0 = Debug|Any CPU
		{99396DEB-89C4-4D6C-A396-E67F2988275B}.Debug|iPhoneSimulator.ActiveCfg = Debug|Any CPU
		{99396DEB-89C4-4D6C-A396-E67F2988275B}.Debug|iPhoneSimulator.Build.0 = Debug|Any CPU
		{99396DEB-89C4-4D6C-A396-E67F2988275B}.Debug|x64.ActiveCfg = Debug|Any CPU
		{99396DEB-89C4-4D6C-A396-E67F2988275B}.Debug|x64.Build.0 = Debug|Any CPU
		{99396DEB-89C4-4D6C-A396-E67F2988275B}.Debug|x86.ActiveCfg = Debug|Any CPU
		{99396DEB-89C4-4D6C-A396-E67F2988275B}.Debug|x86.Build.0 = Debug|Any CPU
		{99396DEB-89C4-4D6C-A396-E67F2988275B}.Release|Any CPU.ActiveCfg = Release|Any CPU
		{99396DEB-89C4-4D6C-A396-E67F2988275B}.Release|Any CPU.Build.0 = Release|Any CPU
		{99396DEB-89C4-4D6C-A396-E67F2988275B}.Release|ARM.ActiveCfg = Release|Any CPU
		{99396DEB-89C4-4D6C-A396-E67F2988275B}.Release|ARM.Build.0 = Release|Any CPU
		{99396DEB-89C4-4D6C-A396-E67F2988275B}.Release|iPhone.ActiveCfg = Release|Any CPU
		{99396DEB-89C4-4D6C-A396-E67F2988275B}.Release|iPhone.Build.0 = Release|Any CPU
		{99396DEB-89C4-4D6C-A396-E67F2988275B}.Release|iPhoneSimulator.ActiveCfg = Release|Any CPU
		{99396DEB-89C4-4D6C-A396-E67F2988275B}.Release|iPhoneSimulator.Build.0 = Release|Any CPU
		{99396DEB-89C4-4D6C-A396-E67F2988275B}.Release|x64.ActiveCfg = Release|Any CPU
		{99396DEB-89C4-4D6C-A396-E67F2988275B}.Release|x64.Build.0 = Release|Any CPU
		{99396DEB-89C4-4D6C-A396-E67F2988275B}.Release|x86.ActiveCfg = Release|Any CPU
		{99396DEB-89C4-4D6C-A396-E67F2988275B}.Release|x86.Build.0 = Release|Any CPU
		{DC8B76EB-B3AB-4983-BB2D-017E06EE9DAA}.Ad-Hoc|Any CPU.ActiveCfg = Debug|Any CPU
		{DC8B76EB-B3AB-4983-BB2D-017E06EE9DAA}.Ad-Hoc|Any CPU.Build.0 = Debug|Any CPU
		{DC8B76EB-B3AB-4983-BB2D-017E06EE9DAA}.Ad-Hoc|ARM.ActiveCfg = Debug|Any CPU
		{DC8B76EB-B3AB-4983-BB2D-017E06EE9DAA}.Ad-Hoc|ARM.Build.0 = Debug|Any CPU
		{DC8B76EB-B3AB-4983-BB2D-017E06EE9DAA}.Ad-Hoc|iPhone.ActiveCfg = Debug|Any CPU
		{DC8B76EB-B3AB-4983-BB2D-017E06EE9DAA}.Ad-Hoc|iPhone.Build.0 = Debug|Any CPU
		{DC8B76EB-B3AB-4983-BB2D-017E06EE9DAA}.Ad-Hoc|iPhoneSimulator.ActiveCfg = Debug|Any CPU
		{DC8B76EB-B3AB-4983-BB2D-017E06EE9DAA}.Ad-Hoc|iPhoneSimulator.Build.0 = Debug|Any CPU
		{DC8B76EB-B3AB-4983-BB2D-017E06EE9DAA}.Ad-Hoc|x64.ActiveCfg = Debug|Any CPU
		{DC8B76EB-B3AB-4983-BB2D-017E06EE9DAA}.Ad-Hoc|x64.Build.0 = Debug|Any CPU
		{DC8B76EB-B3AB-4983-BB2D-017E06EE9DAA}.Ad-Hoc|x86.ActiveCfg = Debug|Any CPU
		{DC8B76EB-B3AB-4983-BB2D-017E06EE9DAA}.Ad-Hoc|x86.Build.0 = Debug|Any CPU
		{DC8B76EB-B3AB-4983-BB2D-017E06EE9DAA}.AppStore|Any CPU.ActiveCfg = Debug|Any CPU
		{DC8B76EB-B3AB-4983-BB2D-017E06EE9DAA}.AppStore|Any CPU.Build.0 = Debug|Any CPU
		{DC8B76EB-B3AB-4983-BB2D-017E06EE9DAA}.AppStore|ARM.ActiveCfg = Debug|Any CPU
		{DC8B76EB-B3AB-4983-BB2D-017E06EE9DAA}.AppStore|ARM.Build.0 = Debug|Any CPU
		{DC8B76EB-B3AB-4983-BB2D-017E06EE9DAA}.AppStore|iPhone.ActiveCfg = Debug|Any CPU
		{DC8B76EB-B3AB-4983-BB2D-017E06EE9DAA}.AppStore|iPhone.Build.0 = Debug|Any CPU
		{DC8B76EB-B3AB-4983-BB2D-017E06EE9DAA}.AppStore|iPhoneSimulator.ActiveCfg = Debug|Any CPU
		{DC8B76EB-B3AB-4983-BB2D-017E06EE9DAA}.AppStore|iPhoneSimulator.Build.0 = Debug|Any CPU
		{DC8B76EB-B3AB-4983-BB2D-017E06EE9DAA}.AppStore|x64.ActiveCfg = Debug|Any CPU
		{DC8B76EB-B3AB-4983-BB2D-017E06EE9DAA}.AppStore|x64.Build.0 = Debug|Any CPU
		{DC8B76EB-B3AB-4983-BB2D-017E06EE9DAA}.AppStore|x86.ActiveCfg = Debug|Any CPU
		{DC8B76EB-B3AB-4983-BB2D-017E06EE9DAA}.AppStore|x86.Build.0 = Debug|Any CPU
		{DC8B76EB-B3AB-4983-BB2D-017E06EE9DAA}.Debug|Any CPU.ActiveCfg = Debug|Any CPU
		{DC8B76EB-B3AB-4983-BB2D-017E06EE9DAA}.Debug|Any CPU.Build.0 = Debug|Any CPU
		{DC8B76EB-B3AB-4983-BB2D-017E06EE9DAA}.Debug|ARM.ActiveCfg = Debug|Any CPU
		{DC8B76EB-B3AB-4983-BB2D-017E06EE9DAA}.Debug|ARM.Build.0 = Debug|Any CPU
		{DC8B76EB-B3AB-4983-BB2D-017E06EE9DAA}.Debug|iPhone.ActiveCfg = Debug|Any CPU
		{DC8B76EB-B3AB-4983-BB2D-017E06EE9DAA}.Debug|iPhone.Build.0 = Debug|Any CPU
		{DC8B76EB-B3AB-4983-BB2D-017E06EE9DAA}.Debug|iPhoneSimulator.ActiveCfg = Debug|Any CPU
		{DC8B76EB-B3AB-4983-BB2D-017E06EE9DAA}.Debug|iPhoneSimulator.Build.0 = Debug|Any CPU
		{DC8B76EB-B3AB-4983-BB2D-017E06EE9DAA}.Debug|x64.ActiveCfg = Debug|Any CPU
		{DC8B76EB-B3AB-4983-BB2D-017E06EE9DAA}.Debug|x64.Build.0 = Debug|Any CPU
		{DC8B76EB-B3AB-4983-BB2D-017E06EE9DAA}.Debug|x86.ActiveCfg = Debug|Any CPU
		{DC8B76EB-B3AB-4983-BB2D-017E06EE9DAA}.Debug|x86.Build.0 = Debug|Any CPU
		{DC8B76EB-B3AB-4983-BB2D-017E06EE9DAA}.Release|Any CPU.ActiveCfg = Release|Any CPU
		{DC8B76EB-B3AB-4983-BB2D-017E06EE9DAA}.Release|Any CPU.Build.0 = Release|Any CPU
		{DC8B76EB-B3AB-4983-BB2D-017E06EE9DAA}.Release|ARM.ActiveCfg = Release|Any CPU
		{DC8B76EB-B3AB-4983-BB2D-017E06EE9DAA}.Release|ARM.Build.0 = Release|Any CPU
		{DC8B76EB-B3AB-4983-BB2D-017E06EE9DAA}.Release|iPhone.ActiveCfg = Release|Any CPU
		{DC8B76EB-B3AB-4983-BB2D-017E06EE9DAA}.Release|iPhone.Build.0 = Release|Any CPU
		{DC8B76EB-B3AB-4983-BB2D-017E06EE9DAA}.Release|iPhoneSimulator.ActiveCfg = Release|Any CPU
		{DC8B76EB-B3AB-4983-BB2D-017E06EE9DAA}.Release|iPhoneSimulator.Build.0 = Release|Any CPU
		{DC8B76EB-B3AB-4983-BB2D-017E06EE9DAA}.Release|x64.ActiveCfg = Release|Any CPU
		{DC8B76EB-B3AB-4983-BB2D-017E06EE9DAA}.Release|x64.Build.0 = Release|Any CPU
		{DC8B76EB-B3AB-4983-BB2D-017E06EE9DAA}.Release|x86.ActiveCfg = Release|Any CPU
		{DC8B76EB-B3AB-4983-BB2D-017E06EE9DAA}.Release|x86.Build.0 = Release|Any CPU
	EndGlobalSection
	GlobalSection(SolutionProperties) = preSolution
		HideSolutionNode = FALSE
	EndGlobalSection
	GlobalSection(ExtensibilityGlobals) = postSolution
		SolutionGuid = {5E75531A-33DC-49FD-B738-AF058AEC6906}
	EndGlobalSection
EndGlobal
